
Microsoft Visual Studio Solution File, Format Version 12.00
# Visual Studio Version 16
VisualStudioVersion = 16.0.31729.503
MinimumVisualStudioVersion = 10.0.40219.1
Project("{FAE04EC0-301F-11D3-BF4B-00C04F79EFBC}") = "Array intialization", "Array intialization\Array intialization.csproj", "{573FB331-E2FA-46C4-B04B-3DEA4CA875FB}"
EndProject
Global
	GlobalSection(SolutionConfigurationPlatforms) = preSolution
		Debug|Any CPU = Debug|Any CPU
		Release|Any CPU = Release|Any CPU
	EndGlobalSection
	GlobalSection(ProjectConfigurationPlatforms) = postSolution
		{573FB331-E2FA-46C4-B04B-3DEA4CA875FB}.Debug|Any CPU.ActiveCfg = Debug|Any CPU
		{573FB331-E2FA-46C4-B04B-3DEA4CA875FB}.Debug|Any CPU.Build.0 = Debug|Any CPU
		{573FB331-E2FA-46C4-B04B-3DEA4CA875FB}.Release|Any CPU.ActiveCfg = Release|Any CPU
		{573FB331-E2FA-46C4-B04B-3DEA4CA875FB}.Release|Any CPU.Build.0 = Release|Any CPU
	EndGlobalSection
	GlobalSection(SolutionProperties) = preSolution
		HideSolutionNode = FALSE
	EndGlobalSection
	GlobalSection(ExtensibilityGlobals) = postSolution
		SolutionGuid = {70268EF3-27AE-40A0-9C71-CBE857E6A39C}
	EndGlobalSection
EndGlobal
